
Microsoft Visual Studio Solution File, Format Version 12.00
# Visual Studio Version 16
VisualStudioVersion = 25.0.1703.7
MinimumVisualStudioVersion = 10.0.40219.1
Project("{FAE04EC0-301F-11D3-BF4B-00C04F79EFBC}") = "Medicloud", "FlexitHisMVC\Medicloud.csproj", "{94E91CB4-7BC1-46BE-971E-169B5A29C9BE}"
EndProject
Global
	GlobalSection(SolutionConfigurationPlatforms) = preSolution
		Debug|Any CPU = Debug|Any CPU
		Release|Any CPU = Release|Any CPU
	EndGlobalSection
	GlobalSection(ProjectConfigurationPlatforms) = postSolution
		{94E91CB4-7BC1-46BE-971E-169B5A29C9BE}.Debug|Any CPU.ActiveCfg = Debug|Any CPU
		{94E91CB4-7BC1-46BE-971E-169B5A29C9BE}.Debug|Any CPU.Build.0 = Debug|Any CPU
		{94E91CB4-7BC1-46BE-971E-169B5A29C9BE}.Release|Any CPU.ActiveCfg = Release|Any CPU
		{94E91CB4-7BC1-46BE-971E-169B5A29C9BE}.Release|Any CPU.Build.0 = Release|Any CPU
	EndGlobalSection
	GlobalSection(SolutionProperties) = preSolution
		HideSolutionNode = FALSE
	EndGlobalSection
	GlobalSection(ExtensibilityGlobals) = postSolution
		SolutionGuid = {F3046F3F-4222-4C48-B59C-F54915D91776}
	EndGlobalSection
EndGlobal
